// !$*UTF8*$!
{
	archiveVersion = 1;
	classes = {
	};
	objectVersion = 46;
	objects = {

/* Begin PBXBuildFile section */
		F3B166671CB0E0AA007EEFA0 /* main.m in Sources */ = {isa = PBXBuildFile; fileRef = F3B166661CB0E0AA007EEFA0 /* main.m */; };
		F3B1666A1CB0E0AA007EEFA0 /* AppDelegate.m in Sources */ = {isa = PBXBuildFile; fileRef = F3B166691CB0E0AA007EEFA0 /* AppDelegate.m */; };
		F3B1666D1CB0E0AA007EEFA0 /* ViewController.m in Sources */ = {isa = PBXBuildFile; fileRef = F3B1666C1CB0E0AA007EEFA0 /* ViewController.m */; };
		F3B166701CB0E0AA007EEFA0 /* Main.storyboard in Resources */ = {isa = PBXBuildFile; fileRef = F3B1666E1CB0E0AA007EEFA0 /* Main.storyboard */; };
		F3B166721CB0E0AA007EEFA0 /* Images.xcassets in Resources */ = {isa = PBXBuildFile; fileRef = F3B166711CB0E0AA007EEFA0 /* Images.xcassets */; };
		F3B166751CB0E0AA007EEFA0 /* LaunchScreen.xib in Resources */ = {isa = PBXBuildFile; fileRef = F3B166731CB0E0AA007EEFA0 /* LaunchScreen.xib */; };
		F3B166811CB0E0AA007EEFA0 /* SZGitDemoTests.m in Sources */ = {isa = PBXBuildFile; fileRef = F3B166801CB0E0AA007EEFA0 /* SZGitDemoTests.m */; };
		F3B166A81CB0EA0B007EEFA0 /* LICENSE in Resources */ = {isa = PBXBuildFile; fileRef = F3B1668C1CB0EA0B007EEFA0 /* LICENSE */; };
		F3B166A91CB0EA0B007EEFA0 /* MASCompositeConstraint.m in Sources */ = {isa = PBXBuildFile; fileRef = F3B1668F1CB0EA0B007EEFA0 /* MASCompositeConstraint.m */; };
		F3B166AA1CB0EA0B007EEFA0 /* MASConstraint.m in Sources */ = {isa = PBXBuildFile; fileRef = F3B166921CB0EA0B007EEFA0 /* MASConstraint.m */; };
		F3B166AB1CB0EA0B007EEFA0 /* MASConstraintMaker.m in Sources */ = {isa = PBXBuildFile; fileRef = F3B166941CB0EA0B007EEFA0 /* MASConstraintMaker.m */; };
		F3B166AC1CB0EA0B007EEFA0 /* MASLayoutConstraint.m in Sources */ = {isa = PBXBuildFile; fileRef = F3B166961CB0EA0B007EEFA0 /* MASLayoutConstraint.m */; };
		F3B166AD1CB0EA0B007EEFA0 /* MASViewAttribute.m in Sources */ = {isa = PBXBuildFile; fileRef = F3B1669A1CB0EA0B007EEFA0 /* MASViewAttribute.m */; };
		F3B166AE1CB0EA0B007EEFA0 /* MASViewConstraint.m in Sources */ = {isa = PBXBuildFile; fileRef = F3B1669C1CB0EA0B007EEFA0 /* MASViewConstraint.m */; };
		F3B166AF1CB0EA0B007EEFA0 /* NSArray+MASAdditions.m in Sources */ = {isa = PBXBuildFile; fileRef = F3B1669E1CB0EA0B007EEFA0 /* NSArray+MASAdditions.m */; };
		F3B166B01CB0EA0B007EEFA0 /* NSLayoutConstraint+MASDebugAdditions.m in Sources */ = {isa = PBXBuildFile; fileRef = F3B166A11CB0EA0B007EEFA0 /* NSLayoutConstraint+MASDebugAdditions.m */; };
		F3B166B11CB0EA0B007EEFA0 /* View+MASAdditions.m in Sources */ = {isa = PBXBuildFile; fileRef = F3B166A31CB0EA0B007EEFA0 /* View+MASAdditions.m */; };
		F3B166B21CB0EA0B007EEFA0 /* ViewController+MASAdditions.m in Sources */ = {isa = PBXBuildFile; fileRef = F3B166A61CB0EA0B007EEFA0 /* ViewController+MASAdditions.m */; };
		F3B166B31CB0EA0B007EEFA0 /* README.md in Sources */ = {isa = PBXBuildFile; fileRef = F3B166A71CB0EA0B007EEFA0 /* README.md */; };
/* End PBXBuildFile section */

/* Begin PBXContainerItemProxy section */
		F3B1667B1CB0E0AA007EEFA0 /* PBXContainerItemProxy */ = {
			isa = PBXContainerItemProxy;
			containerPortal = F3B166591CB0E0AA007EEFA0 /* Project object */;
			proxyType = 1;
			remoteGlobalIDString = F3B166601CB0E0AA007EEFA0;
			remoteInfo = SZGitDemo;
		};
/* End PBXContainerItemProxy section */

/* Begin PBXFileReference section */
		F3B166611CB0E0AA007EEFA0 /* SZGitDemo.app */ = {isa = PBXFileReference; explicitFileType = wrapper.application; includeInIndex = 0; path = SZGitDemo.app; sourceTree = BUILT_PRODUCTS_DIR; };
		F3B166651CB0E0AA007EEFA0 /* Info.plist */ = {isa = PBXFileReference; lastKnownFileType = text.plist.xml; path = Info.plist; sourceTree = "<group>"; };
		F3B166661CB0E0AA007EEFA0 /* main.m */ = {isa = PBXFileReference; lastKnownFileType = sourcecode.c.objc; path = main.m; sourceTree = "<group>"; };
		F3B166681CB0E0AA007EEFA0 /* AppDelegate.h */ = {isa = PBXFileReference; lastKnownFileType = sourcecode.c.h; path = AppDelegate.h; sourceTree = "<group>"; };
		F3B166691CB0E0AA007EEFA0 /* AppDelegate.m */ = {isa = PBXFileReference; lastKnownFileType = sourcecode.c.objc; path = AppDelegate.m; sourceTree = "<group>"; };
		F3B1666B1CB0E0AA007EEFA0 /* ViewController.h */ = {isa = PBXFileReference; lastKnownFileType = sourcecode.c.h; path = ViewController.h; sourceTree = "<group>"; };
		F3B1666C1CB0E0AA007EEFA0 /* ViewController.m */ = {isa = PBXFileReference; lastKnownFileType = sourcecode.c.objc; path = ViewController.m; sourceTree = "<group>"; };
		F3B1666F1CB0E0AA007EEFA0 /* Base */ = {isa = PBXFileReference; lastKnownFileType = file.storyboard; name = Base; path = Base.lproj/Main.storyboard; sourceTree = "<group>"; };
		F3B166711CB0E0AA007EEFA0 /* Images.xcassets */ = {isa = PBXFileReference; lastKnownFileType = folder.assetcatalog; path = Images.xcassets; sourceTree = "<group>"; };
		F3B166741CB0E0AA007EEFA0 /* Base */ = {isa = PBXFileReference; lastKnownFileType = file.xib; name = Base; path = Base.lproj/LaunchScreen.xib; sourceTree = "<group>"; };
		F3B1667A1CB0E0AA007EEFA0 /* SZGitDemoTests.xctest */ = {isa = PBXFileReference; explicitFileType = wrapper.cfbundle; includeInIndex = 0; path = SZGitDemoTests.xctest; sourceTree = BUILT_PRODUCTS_DIR; };
		F3B1667F1CB0E0AA007EEFA0 /* Info.plist */ = {isa = PBXFileReference; lastKnownFileType = text.plist.xml; path = Info.plist; sourceTree = "<group>"; };
		F3B166801CB0E0AA007EEFA0 /* SZGitDemoTests.m */ = {isa = PBXFileReference; lastKnownFileType = sourcecode.c.objc; path = SZGitDemoTests.m; sourceTree = "<group>"; };
		F3B1668A1CB0E0C1007EEFA0 /* SZGitDemo.pch */ = {isa = PBXFileReference; lastKnownFileType = sourcecode.c.h; path = SZGitDemo.pch; sourceTree = "<group>"; };
		F3B1668C1CB0EA0B007EEFA0 /* LICENSE */ = {isa = PBXFileReference; fileEncoding = 4; lastKnownFileType = text; path = LICENSE; sourceTree = "<group>"; };
		F3B1668E1CB0EA0B007EEFA0 /* MASCompositeConstraint.h */ = {isa = PBXFileReference; fileEncoding = 4; lastKnownFileType = sourcecode.c.h; path = MASCompositeConstraint.h; sourceTree = "<group>"; };
		F3B1668F1CB0EA0B007EEFA0 /* MASCompositeConstraint.m */ = {isa = PBXFileReference; fileEncoding = 4; lastKnownFileType = sourcecode.c.objc; path = MASCompositeConstraint.m; sourceTree = "<group>"; };
		F3B166901CB0EA0B007EEFA0 /* MASConstraint+Private.h */ = {isa = PBXFileReference; fileEncoding = 4; lastKnownFileType = sourcecode.c.h; path = "MASConstraint+Private.h"; sourceTree = "<group>"; };
		F3B166911CB0EA0B007EEFA0 /* MASConstraint.h */ = {isa = PBXFileReference; fileEncoding = 4; lastKnownFileType = sourcecode.c.h; path = MASConstraint.h; sourceTree = "<group>"; };
		F3B166921CB0EA0B007EEFA0 /* MASConstraint.m */ = {isa = PBXFileReference; fileEncoding = 4; lastKnownFileType = sourcecode.c.objc; path = MASConstraint.m; sourceTree = "<group>"; };
		F3B166931CB0EA0B007EEFA0 /* MASConstraintMaker.h */ = {isa = PBXFileReference; fileEncoding = 4; lastKnownFileType = sourcecode.c.h; path = MASConstraintMaker.h; sourceTree = "<group>"; };
		F3B166941CB0EA0B007EEFA0 /* MASConstraintMaker.m */ = {isa = PBXFileReference; fileEncoding = 4; lastKnownFileType = sourcecode.c.objc; path = MASConstraintMaker.m; sourceTree = "<group>"; };
		F3B166951CB0EA0B007EEFA0 /* MASLayoutConstraint.h */ = {isa = PBXFileReference; fileEncoding = 4; lastKnownFileType = sourcecode.c.h; path = MASLayoutConstraint.h; sourceTree = "<group>"; };
		F3B166961CB0EA0B007EEFA0 /* MASLayoutConstraint.m */ = {isa = PBXFileReference; fileEncoding = 4; lastKnownFileType = sourcecode.c.objc; path = MASLayoutConstraint.m; sourceTree = "<group>"; };
		F3B166971CB0EA0B007EEFA0 /* Masonry.h */ = {isa = PBXFileReference; fileEncoding = 4; lastKnownFileType = sourcecode.c.h; path = Masonry.h; sourceTree = "<group>"; };
		F3B166981CB0EA0B007EEFA0 /* MASUtilities.h */ = {isa = PBXFileReference; fileEncoding = 4; lastKnownFileType = sourcecode.c.h; path = MASUtilities.h; sourceTree = "<group>"; };
		F3B166991CB0EA0B007EEFA0 /* MASViewAttribute.h */ = {isa = PBXFileReference; fileEncoding = 4; lastKnownFileType = sourcecode.c.h; path = MASViewAttribute.h; sourceTree = "<group>"; };
		F3B1669A1CB0EA0B007EEFA0 /* MASViewAttribute.m */ = {isa = PBXFileReference; fileEncoding = 4; lastKnownFileType = sourcecode.c.objc; path = MASViewAttribute.m; sourceTree = "<group>"; };
		F3B1669B1CB0EA0B007EEFA0 /* MASViewConstraint.h */ = {isa = PBXFileReference; fileEncoding = 4; lastKnownFileType = sourcecode.c.h; path = MASViewConstraint.h; sourceTree = "<group>"; };
		F3B1669C1CB0EA0B007EEFA0 /* MASViewConstraint.m */ = {isa = PBXFileReference; fileEncoding = 4; lastKnownFileType = sourcecode.c.objc; path = MASViewConstraint.m; sourceTree = "<group>"; };
		F3B1669D1CB0EA0B007EEFA0 /* NSArray+MASAdditions.h */ = {isa = PBXFileReference; fileEncoding = 4; lastKnownFileType = sourcecode.c.h; path = "NSArray+MASAdditions.h"; sourceTree = "<group>"; };
		F3B1669E1CB0EA0B007EEFA0 /* NSArray+MASAdditions.m */ = {isa = PBXFileReference; fileEncoding = 4; lastKnownFileType = sourcecode.c.objc; path = "NSArray+MASAdditions.m"; sourceTree = "<group>"; };
		F3B1669F1CB0EA0B007EEFA0 /* NSArray+MASShorthandAdditions.h */ = {isa = PBXFileReference; fileEncoding = 4; lastKnownFileType = sourcecode.c.h; path = "NSArray+MASShorthandAdditions.h"; sourceTree = "<group>"; };
		F3B166A01CB0EA0B007EEFA0 /* NSLayoutConstraint+MASDebugAdditions.h */ = {isa = PBXFileReference; fileEncoding = 4; lastKnownFileType = sourcecode.c.h; path = "NSLayoutConstraint+MASDebugAdditions.h"; sourceTree = "<group>"; };
		F3B166A11CB0EA0B007EEFA0 /* NSLayoutConstraint+MASDebugAdditions.m */ = {isa = PBXFileReference; fileEncoding = 4; lastKnownFileType = sourcecode.c.objc; path = "NSLayoutConstraint+MASDebugAdditions.m"; sourceTree = "<group>"; };
		F3B166A21CB0EA0B007EEFA0 /* View+MASAdditions.h */ = {isa = PBXFileReference; fileEncoding = 4; lastKnownFileType = sourcecode.c.h; path = "View+MASAdditions.h"; sourceTree = "<group>"; };
		F3B166A31CB0EA0B007EEFA0 /* View+MASAdditions.m */ = {isa = PBXFileReference; fileEncoding = 4; lastKnownFileType = sourcecode.c.objc; path = "View+MASAdditions.m"; sourceTree = "<group>"; };
		F3B166A41CB0EA0B007EEFA0 /* View+MASShorthandAdditions.h */ = {isa = PBXFileReference; fileEncoding = 4; lastKnownFileType = sourcecode.c.h; path = "View+MASShorthandAdditions.h"; sourceTree = "<group>"; };
		F3B166A51CB0EA0B007EEFA0 /* ViewController+MASAdditions.h */ = {isa = PBXFileReference; fileEncoding = 4; lastKnownFileType = sourcecode.c.h; path = "ViewController+MASAdditions.h"; sourceTree = "<group>"; };
		F3B166A61CB0EA0B007EEFA0 /* ViewController+MASAdditions.m */ = {isa = PBXFileReference; fileEncoding = 4; lastKnownFileType = sourcecode.c.objc; path = "ViewController+MASAdditions.m"; sourceTree = "<group>"; };
		F3B166A71CB0EA0B007EEFA0 /* README.md */ = {isa = PBXFileReference; fileEncoding = 4; lastKnownFileType = net.daringfireball.markdown; path = README.md; sourceTree = "<group>"; };
/* End PBXFileReference section */

/* Begin PBXFrameworksBuildPhase section */
		F3B1665E1CB0E0AA007EEFA0 /* Frameworks */ = {
			isa = PBXFrameworksBuildPhase;
			buildActionMask = 2147483647;
			files = (
			);
			runOnlyForDeploymentPostprocessing = 0;
		};
		F3B166771CB0E0AA007EEFA0 /* Frameworks */ = {
			isa = PBXFrameworksBuildPhase;
			buildActionMask = 2147483647;
			files = (
			);
			runOnlyForDeploymentPostprocessing = 0;
		};
/* End PBXFrameworksBuildPhase section */

/* Begin PBXGroup section */
		F3B166581CB0E0AA007EEFA0 = {
			isa = PBXGroup;
			children = (
				F3B166631CB0E0AA007EEFA0 /* SZGitDemo */,
				F3B1667D1CB0E0AA007EEFA0 /* SZGitDemoTests */,
				F3B166621CB0E0AA007EEFA0 /* Products */,
			);
			sourceTree = "<group>";
		};
		F3B166621CB0E0AA007EEFA0 /* Products */ = {
			isa = PBXGroup;
			children = (
				F3B166611CB0E0AA007EEFA0 /* SZGitDemo.app */,
				F3B1667A1CB0E0AA007EEFA0 /* SZGitDemoTests.xctest */,
			);
			name = Products;
			sourceTree = "<group>";
		};
		F3B166631CB0E0AA007EEFA0 /* SZGitDemo */ = {
			isa = PBXGroup;
			children = (
				F3B1668B1CB0EA0B007EEFA0 /* Masonry */,
				F3B166681CB0E0AA007EEFA0 /* AppDelegate.h */,
				F3B166691CB0E0AA007EEFA0 /* AppDelegate.m */,
				F3B1666B1CB0E0AA007EEFA0 /* ViewController.h */,
				F3B1666C1CB0E0AA007EEFA0 /* ViewController.m */,
				F3B1666E1CB0E0AA007EEFA0 /* Main.storyboard */,
				F3B166711CB0E0AA007EEFA0 /* Images.xcassets */,
				F3B166731CB0E0AA007EEFA0 /* LaunchScreen.xib */,
				F3B166641CB0E0AA007EEFA0 /* Supporting Files */,
				F3B1668A1CB0E0C1007EEFA0 /* SZGitDemo.pch */,
			);
			path = SZGitDemo;
			sourceTree = "<group>";
		};
		F3B166641CB0E0AA007EEFA0 /* Supporting Files */ = {
			isa = PBXGroup;
			children = (
				F3B166651CB0E0AA007EEFA0 /* Info.plist */,
				F3B166661CB0E0AA007EEFA0 /* main.m */,
			);
			name = "Supporting Files";
			sourceTree = "<group>";
		};
		F3B1667D1CB0E0AA007EEFA0 /* SZGitDemoTests */ = {
			isa = PBXGroup;
			children = (
				F3B166801CB0E0AA007EEFA0 /* SZGitDemoTests.m */,
				F3B1667E1CB0E0AA007EEFA0 /* Supporting Files */,
			);
			path = SZGitDemoTests;
			sourceTree = "<group>";
		};
		F3B1667E1CB0E0AA007EEFA0 /* Supporting Files */ = {
			isa = PBXGroup;
			children = (
				F3B1667F1CB0E0AA007EEFA0 /* Info.plist */,
			);
			name = "Supporting Files";
			sourceTree = "<group>";
		};
		F3B1668B1CB0EA0B007EEFA0 /* Masonry */ = {
			isa = PBXGroup;
			children = (
				F3B1668C1CB0EA0B007EEFA0 /* LICENSE */,
				F3B1668D1CB0EA0B007EEFA0 /* Masonry */,
				F3B166A71CB0EA0B007EEFA0 /* README.md */,
			);
			path = Masonry;
			sourceTree = "<group>";
		};
		F3B1668D1CB0EA0B007EEFA0 /* Masonry */ = {
			isa = PBXGroup;
			children = (
				F3B1668E1CB0EA0B007EEFA0 /* MASCompositeConstraint.h */,
				F3B1668F1CB0EA0B007EEFA0 /* MASCompositeConstraint.m */,
				F3B166901CB0EA0B007EEFA0 /* MASConstraint+Private.h */,
				F3B166911CB0EA0B007EEFA0 /* MASConstraint.h */,
				F3B166921CB0EA0B007EEFA0 /* MASConstraint.m */,
				F3B166931CB0EA0B007EEFA0 /* MASConstraintMaker.h */,
				F3B166941CB0EA0B007EEFA0 /* MASConstraintMaker.m */,
				F3B166951CB0EA0B007EEFA0 /* MASLayoutConstraint.h */,
				F3B166961CB0EA0B007EEFA0 /* MASLayoutConstraint.m */,
				F3B166971CB0EA0B007EEFA0 /* Masonry.h */,
				F3B166981CB0EA0B007EEFA0 /* MASUtilities.h */,
				F3B166991CB0EA0B007EEFA0 /* MASViewAttribute.h */,
				F3B1669A1CB0EA0B007EEFA0 /* MASViewAttribute.m */,
				F3B1669B1CB0EA0B007EEFA0 /* MASViewConstraint.h */,
				F3B1669C1CB0EA0B007EEFA0 /* MASViewConstraint.m */,
				F3B1669D1CB0EA0B007EEFA0 /* NSArray+MASAdditions.h */,
				F3B1669E1CB0EA0B007EEFA0 /* NSArray+MASAdditions.m */,
				F3B1669F1CB0EA0B007EEFA0 /* NSArray+MASShorthandAdditions.h */,
				F3B166A01CB0EA0B007EEFA0 /* NSLayoutConstraint+MASDebugAdditions.h */,
				F3B166A11CB0EA0B007EEFA0 /* NSLayoutConstraint+MASDebugAdditions.m */,
				F3B166A21CB0EA0B007EEFA0 /* View+MASAdditions.h */,
				F3B166A31CB0EA0B007EEFA0 /* View+MASAdditions.m */,
				F3B166A41CB0EA0B007EEFA0 /* View+MASShorthandAdditions.h */,
				F3B166A51CB0EA0B007EEFA0 /* ViewController+MASAdditions.h */,
				F3B166A61CB0EA0B007EEFA0 /* ViewController+MASAdditions.m */,
			);
			path = Masonry;
			sourceTree = "<group>";
		};
/* End PBXGroup section */

/* Begin PBXNativeTarget section */
		F3B166601CB0E0AA007EEFA0 /* SZGitDemo */ = {
			isa = PBXNativeTarget;
			buildConfigurationList = F3B166841CB0E0AA007EEFA0 /* Build configuration list for PBXNativeTarget "SZGitDemo" */;
			buildPhases = (
				F3B1665D1CB0E0AA007EEFA0 /* Sources */,
				F3B1665E1CB0E0AA007EEFA0 /* Frameworks */,
				F3B1665F1CB0E0AA007EEFA0 /* Resources */,
			);
			buildRules = (
			);
			dependencies = (
			);
			name = SZGitDemo;
			productName = SZGitDemo;
			productReference = F3B166611CB0E0AA007EEFA0 /* SZGitDemo.app */;
			productType = "com.apple.product-type.application";
		};
		F3B166791CB0E0AA007EEFA0 /* SZGitDemoTests */ = {
			isa = PBXNativeTarget;
			buildConfigurationList = F3B166871CB0E0AA007EEFA0 /* Build configuration list for PBXNativeTarget "SZGitDemoTests" */;
			buildPhases = (
				F3B166761CB0E0AA007EEFA0 /* Sources */,
				F3B166771CB0E0AA007EEFA0 /* Frameworks */,
				F3B166781CB0E0AA007EEFA0 /* Resources */,
			);
			buildRules = (
			);
			dependencies = (
				F3B1667C1CB0E0AA007EEFA0 /* PBXTargetDependency */,
			);
			name = SZGitDemoTests;
			productName = SZGitDemoTests;
			productReference = F3B1667A1CB0E0AA007EEFA0 /* SZGitDemoTests.xctest */;
			productType = "com.apple.product-type.bundle.unit-test";
		};
/* End PBXNativeTarget section */

/* Begin PBXProject section */
		F3B166591CB0E0AA007EEFA0 /* Project object */ = {
			isa = PBXProject;
			attributes = {
				LastUpgradeCheck = 0630;
				ORGANIZATIONNAME = lbs;
				TargetAttributes = {
					F3B166601CB0E0AA007EEFA0 = {
						CreatedOnToolsVersion = 6.3.2;
					};
					F3B166791CB0E0AA007EEFA0 = {
						CreatedOnToolsVersion = 6.3.2;
						TestTargetID = F3B166601CB0E0AA007EEFA0;
					};
				};
			};
			buildConfigurationList = F3B1665C1CB0E0AA007EEFA0 /* Build configuration list for PBXProject "SZGitDemo" */;
			compatibilityVersion = "Xcode 3.2";
			developmentRegion = English;
			hasScannedForEncodings = 0;
			knownRegions = (
				en,
				Base,
			);
			mainGroup = F3B166581CB0E0AA007EEFA0;
			productRefGroup = F3B166621CB0E0AA007EEFA0 /* Products */;
			projectDirPath = "";
			projectRoot = "";
			targets = (
				F3B166601CB0E0AA007EEFA0 /* SZGitDemo */,
				F3B166791CB0E0AA007EEFA0 /* SZGitDemoTests */,
			);
		};
/* End PBXProject section */

/* Begin PBXResourcesBuildPhase section */
		F3B1665F1CB0E0AA007EEFA0 /* Resources */ = {
			isa = PBXResourcesBuildPhase;
			buildActionMask = 2147483647;
			files = (
				F3B166701CB0E0AA007EEFA0 /* Main.storyboard in Resources */,
				F3B166751CB0E0AA007EEFA0 /* LaunchScreen.xib in Resources */,
				F3B166A81CB0EA0B007EEFA0 /* LICENSE in Resources */,
				F3B166721CB0E0AA007EEFA0 /* Images.xcassets in Resources */,
			);
			runOnlyForDeploymentPostprocessing = 0;
		};
		F3B166781CB0E0AA007EEFA0 /* Resources */ = {
			isa = PBXResourcesBuildPhase;
			buildActionMask = 2147483647;
			files = (
			);
			runOnlyForDeploymentPostprocessing = 0;
		};
/* End PBXResourcesBuildPhase section */

/* Begin PBXSourcesBuildPhase section */
		F3B1665D1CB0E0AA007EEFA0 /* Sources */ = {
			isa = PBXSourcesBuildPhase;
			buildActionMask = 2147483647;
			files = (
				F3B166B01CB0EA0B007EEFA0 /* NSLayoutConstraint+MASDebugAdditions.m in Sources */,
				F3B166AE1CB0EA0B007EEFA0 /* MASViewConstraint.m in Sources */,
				F3B166A91CB0EA0B007EEFA0 /* MASCompositeConstraint.m in Sources */,
				F3B166AF1CB0EA0B007EEFA0 /* NSArray+MASAdditions.m in Sources */,
				F3B1666D1CB0E0AA007EEFA0 /* ViewController.m in Sources */,
				F3B1666A1CB0E0AA007EEFA0 /* AppDelegate.m in Sources */,
				F3B166AC1CB0EA0B007EEFA0 /* MASLayoutConstraint.m in Sources */,
				F3B166671CB0E0AA007EEFA0 /* main.m in Sources */,
				F3B166B21CB0EA0B007EEFA0 /* ViewController+MASAdditions.m in Sources */,
				F3B166B11CB0EA0B007EEFA0 /* View+MASAdditions.m in Sources */,
				F3B166B31CB0EA0B007EEFA0 /* README.md in Sources */,
				F3B166AD1CB0EA0B007EEFA0 /* MASViewAttribute.m in Sources */,
				F3B166AA1CB0EA0B007EEFA0 /* MASConstraint.m in Sources */,
				F3B166AB1CB0EA0B007EEFA0 /* MASConstraintMaker.m in Sources */,
			);
			runOnlyForDeploymentPostprocessing = 0;
		};
		F3B166761CB0E0AA007EEFA0 /* Sources */ = {
			isa = PBXSourcesBuildPhase;
			buildActionMask = 2147483647;
			files = (
				F3B166811CB0E0AA007EEFA0 /* SZGitDemoTests.m in Sources */,
			);
			runOnlyForDeploymentPostprocessing = 0;
		};
/* End PBXSourcesBuildPhase section */

/* Begin PBXTargetDependency section */
		F3B1667C1CB0E0AA007EEFA0 /* PBXTargetDependency */ = {
			isa = PBXTargetDependency;
			target = F3B166601CB0E0AA007EEFA0 /* SZGitDemo */;
			targetProxy = F3B1667B1CB0E0AA007EEFA0 /* PBXContainerItemProxy */;
		};
/* End PBXTargetDependency section */

/* Begin PBXVariantGroup section */
		F3B1666E1CB0E0AA007EEFA0 /* Main.storyboard */ = {
			isa = PBXVariantGroup;
			children = (
				F3B1666F1CB0E0AA007EEFA0 /* Base */,
			);
			name = Main.storyboard;
			sourceTree = "<group>";
		};
		F3B166731CB0E0AA007EEFA0 /* LaunchScreen.xib */ = {
			isa = PBXVariantGroup;
			children = (
				F3B166741CB0E0AA007EEFA0 /* Base */,
			);
			name = LaunchScreen.xib;
			sourceTree = "<group>";
		};
/* End PBXVariantGroup section */

/* Begin XCBuildConfiguration section */
		F3B166821CB0E0AA007EEFA0 /* Debug */ = {
			isa = XCBuildConfiguration;
			buildSettings = {
				ALWAYS_SEARCH_USER_PATHS = NO;
				CLANG_CXX_LANGUAGE_STANDARD = "gnu++0x";
				CLANG_CXX_LIBRARY = "libc++";
				CLANG_ENABLE_MODULES = YES;
				CLANG_ENABLE_OBJC_ARC = YES;
				CLANG_WARN_BOOL_CONVERSION = YES;
				CLANG_WARN_CONSTANT_CONVERSION = YES;
				CLANG_WARN_DIRECT_OBJC_ISA_USAGE = YES_ERROR;
				CLANG_WARN_EMPTY_BODY = YES;
				CLANG_WARN_ENUM_CONVERSION = YES;
				CLANG_WARN_INT_CONVERSION = YES;
				CLANG_WARN_OBJC_ROOT_CLASS = YES_ERROR;
				CLANG_WARN_UNREACHABLE_CODE = YES;
				CLANG_WARN__DUPLICATE_METHOD_MATCH = YES;
				"CODE_SIGN_IDENTITY[sdk=iphoneos*]" = "iPhone Developer";
				COPY_PHASE_STRIP = NO;
				DEBUG_INFORMATION_FORMAT = "dwarf-with-dsym";
				ENABLE_STRICT_OBJC_MSGSEND = YES;
				GCC_C_LANGUAGE_STANDARD = gnu99;
				GCC_DYNAMIC_NO_PIC = NO;
				GCC_NO_COMMON_BLOCKS = YES;
				GCC_OPTIMIZATION_LEVEL = 0;
				GCC_PREPROCESSOR_DEFINITIONS = (
					"DEBUG=1",
					"$(inherited)",
				);
				GCC_SYMBOLS_PRIVATE_EXTERN = NO;
				GCC_WARN_64_TO_32_BIT_CONVERSION = YES;
				GCC_WARN_ABOUT_RETURN_TYPE = YES_ERROR;
				GCC_WARN_UNDECLARED_SELECTOR = YES;
				GCC_WARN_UNINITIALIZED_AUTOS = YES_AGGRESSIVE;
				GCC_WARN_UNUSED_FUNCTION = YES;
				GCC_WARN_UNUSED_VARIABLE = YES;
				IPHONEOS_DEPLOYMENT_TARGET = 8.3;
				MTL_ENABLE_DEBUG_INFO = YES;
				ONLY_ACTIVE_ARCH = YES;
				SDKROOT = iphoneos;
			};
			name = Debug;
		};
		F3B166831CB0E0AA007EEFA0 /* Release */ = {
			isa = XCBuildConfiguration;
			buildSettings = {
				ALWAYS_SEARCH_USER_PATHS = NO;
				CLANG_CXX_LANGUAGE_STANDARD = "gnu++0x";
				CLANG_CXX_LIBRARY = "libc++";
				CLANG_ENABLE_MODULES = YES;
				CLANG_ENABLE_OBJC_ARC = YES;
				CLANG_WARN_BOOL_CONVERSION = YES;
				CLANG_WARN_CONSTANT_CONVERSION = YES;
				CLANG_WARN_DIRECT_OBJC_ISA_USAGE = YES_ERROR;
				CLANG_WARN_EMPTY_BODY = YES;
				CLANG_WARN_ENUM_CONVERSION = YES;
				CLANG_WARN_INT_CONVERSION = YES;
				CLANG_WARN_OBJC_ROOT_CLASS = YES_ERROR;
				CLANG_WARN_UNREACHABLE_CODE = YES;
				CLANG_WARN__DUPLICATE_METHOD_MATCH = YES;
				"CODE_SIGN_IDENTITY[sdk=iphoneos*]" = "iPhone Developer";
				COPY_PHASE_STRIP = NO;
				DEBUG_INFORMATION_FORMAT = "dwarf-with-dsym";
				ENABLE_NS_ASSERTIONS = NO;
				ENABLE_STRICT_OBJC_MSGSEND = YES;
				GCC_C_LANGUAGE_STANDARD = gnu99;
				GCC_NO_COMMON_BLOCKS = YES;
				GCC_WARN_64_TO_32_BIT_CONVERSION = YES;
				GCC_WARN_ABOUT_RETURN_TYPE = YES_ERROR;
				GCC_WARN_UNDECLARED_SELECTOR = YES;
				GCC_WARN_UNINITIALIZED_AUTOS = YES_AGGRESSIVE;
				GCC_WARN_UNUSED_FUNCTION = YES;
				GCC_WARN_UNUSED_VARIABLE = YES;
				IPHONEOS_DEPLOYMENT_TARGET = 8.3;
				MTL_ENABLE_DEBUG_INFO = NO;
				SDKROOT = iphoneos;
				VALIDATE_PRODUCT = YES;
			};
			name = Release;
		};
		F3B166851CB0E0AA007EEFA0 /* Debug */ = {
			isa = XCBuildConfiguration;
			buildSettings = {
				ASSETCATALOG_COMPILER_APPICON_NAME = AppIcon;
				GCC_PREFIX_HEADER = "$(SRCROOT)/SZGitDemo/SZGitDemo.pch";
				INFOPLIST_FILE = SZGitDemo/Info.plist;
				LD_RUNPATH_SEARCH_PATHS = "$(inherited) @executable_path/Frameworks";
				PRODUCT_NAME = "$(TARGET_NAME)";
			};
			name = Debug;
		};
		F3B166861CB0E0AA007EEFA0 /* Release */ = {
			isa = XCBuildConfiguration;
			buildSettings = {
				ASSETCATALOG_COMPILER_APPICON_NAME = AppIcon;
				GCC_PREFIX_HEADER = "$(SRCROOT)/SZGitDemo/SZGitDemo.pch";
				INFOPLIST_FILE = SZGitDemo/Info.plist;
				LD_RUNPATH_SEARCH_PATHS = "$(inherited) @executable_path/Frameworks";
				PRODUCT_NAME = "$(TARGET_NAME)";
			};
			name = Release;
		};
		F3B166881CB0E0AA007EEFA0 /* Debug */ = {
			isa = XCBuildConfiguration;
			buildSettings = {
				BUNDLE_LOADER = "$(TEST_HOST)";
				FRAMEWORK_SEARCH_PATHS = (
					"$(SDKROOT)/Developer/Library/Frameworks",
					"$(inherited)",
				);
				GCC_PREPROCESSOR_DEFINITIONS = (
					"DEBUG=1",
					"$(inherited)",
				);
				INFOPLIST_FILE = SZGitDemoTests/Info.plist;
				LD_RUNPATH_SEARCH_PATHS = "$(inherited) @executable_path/Frameworks @loader_path/Frameworks";
				PRODUCT_NAME = "$(TARGET_NAME)";
				TEST_HOST = "$(BUILT_PRODUCTS_DIR)/SZGitDemo.app/SZGitDemo";
			};
			name = Debug;
		};
		F3B166891CB0E0AA007EEFA0 /* Release */ = {
			isa = XCBuildConfiguration;
			buildSettings = {
				BUNDLE_LOADER = "$(TEST_HOST)";
				FRAMEWORK_SEARCH_PATHS = (
					"$(SDKROOT)/Developer/Library/Frameworks",
					"$(inherited)",
				);
				INFOPLIST_FILE = SZGitDemoTests/Info.plist;
				LD_RUNPATH_SEARCH_PATHS = "$(inherited) @executable_path/Frameworks @loader_path/Frameworks";
				PRODUCT_NAME = "$(TARGET_NAME)";
				TEST_HOST = "$(BUILT_PRODUCTS_DIR)/SZGitDemo.app/SZGitDemo";
			};
			name = Release;
		};
/* End XCBuildConfiguration section */

/* Begin XCConfigurationList section */
		F3B1665C1CB0E0AA007EEFA0 /* Build configuration list for PBXProject "SZGitDemo" */ = {
			isa = XCConfigurationList;
			buildConfigurations = (
				F3B166821CB0E0AA007EEFA0 /* Debug */,
				F3B166831CB0E0AA007EEFA0 /* Release */,
			);
			defaultConfigurationIsVisible = 0;
			defaultConfigurationName = Release;
		};
		F3B166841CB0E0AA007EEFA0 /* Build configuration list for PBXNativeTarget "SZGitDemo" */ = {
			isa = XCConfigurationList;
			buildConfigurations = (
				F3B166851CB0E0AA007EEFA0 /* Debug */,
				F3B166861CB0E0AA007EEFA0 /* Release */,
			);
			defaultConfigurationIsVisible = 0;
			defaultConfigurationName = Release;
		};
		F3B166871CB0E0AA007EEFA0 /* Build configuration list for PBXNativeTarget "SZGitDemoTests" */ = {
			isa = XCConfigurationList;
			buildConfigurations = (
				F3B166881CB0E0AA007EEFA0 /* Debug */,
				F3B166891CB0E0AA007EEFA0 /* Release */,
			);
			defaultConfigurationIsVisible = 0;
			defaultConfigurationName = Release;
		};
/* End XCConfigurationList section */
	};
	rootObject = F3B166591CB0E0AA007EEFA0 /* Project object */;
}
